// !$*UTF8*$!
{
	archiveVersion = 1;
	classes = {
	};
	objectVersion = 46;
	objects = {

/* Begin PBXBuildFile section */
		E702B17B1E49B438003E8962 /* UILabel+AddUtils.m in Sources */ = {isa = PBXBuildFile; fileRef = E702B17A1E49B438003E8962 /* UILabel+AddUtils.m */; };
		E702B17E1E49C845003E8962 /* CustomTableViewCellModel.m in Sources */ = {isa = PBXBuildFile; fileRef = E702B17D1E49C845003E8962 /* CustomTableViewCellModel.m */; };
		E702B1811E4A1073003E8962 /* FBLineSpaceMaker.m in Sources */ = {isa = PBXBuildFile; fileRef = E702B1801E4A1073003E8962 /* FBLineSpaceMaker.m */; };
		E702B1841E4C5187003E8962 /* ViewController1.m in Sources */ = {isa = PBXBuildFile; fileRef = E702B1831E4C5187003E8962 /* ViewController1.m */; };
		E72187F41D1AF0A000379333 /* main.m in Sources */ = {isa = PBXBuildFile; fileRef = E72187F31D1AF0A000379333 /* main.m */; };
		E72187F71D1AF0A000379333 /* AppDelegate.m in Sources */ = {isa = PBXBuildFile; fileRef = E72187F61D1AF0A000379333 /* AppDelegate.m */; };
		E72187FA1D1AF0A000379333 /* ViewController.m in Sources */ = {isa = PBXBuildFile; fileRef = E72187F91D1AF0A000379333 /* ViewController.m */; };
		E72187FD1D1AF0A000379333 /* Main.storyboard in Resources */ = {isa = PBXBuildFile; fileRef = E72187FB1D1AF0A000379333 /* Main.storyboard */; };
		E72187FF1D1AF0A000379333 /* Assets.xcassets in Resources */ = {isa = PBXBuildFile; fileRef = E72187FE1D1AF0A000379333 /* Assets.xcassets */; };
		E72188021D1AF0A000379333 /* LaunchScreen.storyboard in Resources */ = {isa = PBXBuildFile; fileRef = E72188001D1AF0A000379333 /* LaunchScreen.storyboard */; };
		E721880E1D1AF14D00379333 /* UITableView+FastBuild.m in Sources */ = {isa = PBXBuildFile; fileRef = E721880D1D1AF14D00379333 /* UITableView+FastBuild.m */; };
		E72188111D1AF2BE00379333 /* UITableViewCell+FastBuild.m in Sources */ = {isa = PBXBuildFile; fileRef = E72188101D1AF2BE00379333 /* UITableViewCell+FastBuild.m */; };
		E721882C1D1AF3FC00379333 /* MASCompositeConstraint.m in Sources */ = {isa = PBXBuildFile; fileRef = E72188141D1AF3FC00379333 /* MASCompositeConstraint.m */; };
		E721882D1D1AF3FC00379333 /* MASConstraint.m in Sources */ = {isa = PBXBuildFile; fileRef = E72188171D1AF3FC00379333 /* MASConstraint.m */; };
		E721882E1D1AF3FC00379333 /* MASConstraintMaker.m in Sources */ = {isa = PBXBuildFile; fileRef = E72188191D1AF3FC00379333 /* MASConstraintMaker.m */; };
		E721882F1D1AF3FC00379333 /* MASLayoutConstraint.m in Sources */ = {isa = PBXBuildFile; fileRef = E721881B1D1AF3FC00379333 /* MASLayoutConstraint.m */; };
		E72188301D1AF3FC00379333 /* MASViewAttribute.m in Sources */ = {isa = PBXBuildFile; fileRef = E721881F1D1AF3FC00379333 /* MASViewAttribute.m */; };
		E72188311D1AF3FC00379333 /* MASViewConstraint.m in Sources */ = {isa = PBXBuildFile; fileRef = E72188211D1AF3FC00379333 /* MASViewConstraint.m */; };
		E72188321D1AF3FC00379333 /* NSArray+MASAdditions.m in Sources */ = {isa = PBXBuildFile; fileRef = E72188231D1AF3FC00379333 /* NSArray+MASAdditions.m */; };
		E72188331D1AF3FC00379333 /* NSLayoutConstraint+MASDebugAdditions.m in Sources */ = {isa = PBXBuildFile; fileRef = E72188261D1AF3FC00379333 /* NSLayoutConstraint+MASDebugAdditions.m */; };
		E72188341D1AF3FC00379333 /* View+MASAdditions.m in Sources */ = {isa = PBXBuildFile; fileRef = E72188281D1AF3FC00379333 /* View+MASAdditions.m */; };
		E72188351D1AF3FC00379333 /* ViewController+MASAdditions.m in Sources */ = {isa = PBXBuildFile; fileRef = E721882B1D1AF3FC00379333 /* ViewController+MASAdditions.m */; };
		E72188381D1AF46700379333 /* UITableViewHeaderFooterView+FastBuild.m in Sources */ = {isa = PBXBuildFile; fileRef = E72188371D1AF46700379333 /* UITableViewHeaderFooterView+FastBuild.m */; };
		E721883C1D1AF65700379333 /* NSObject+FastBuild.m in Sources */ = {isa = PBXBuildFile; fileRef = E721883B1D1AF65700379333 /* NSObject+FastBuild.m */; };
		E721883F1D1AFAF100379333 /* CustomTableViewCell.m in Sources */ = {isa = PBXBuildFile; fileRef = E721883E1D1AFAF100379333 /* CustomTableViewCell.m */; };
/* End PBXBuildFile section */

/* Begin PBXFileReference section */
		E702B1791E49B438003E8962 /* UILabel+AddUtils.h */ = {isa = PBXFileReference; fileEncoding = 4; lastKnownFileType = sourcecode.c.h; path = "UILabel+AddUtils.h"; sourceTree = "<group>"; };
		E702B17A1E49B438003E8962 /* UILabel+AddUtils.m */ = {isa = PBXFileReference; fileEncoding = 4; lastKnownFileType = sourcecode.c.objc; path = "UILabel+AddUtils.m"; sourceTree = "<group>"; };
		E702B17C1E49C845003E8962 /* CustomTableViewCellModel.h */ = {isa = PBXFileReference; fileEncoding = 4; lastKnownFileType = sourcecode.c.h; path = CustomTableViewCellModel.h; sourceTree = "<group>"; };
		E702B17D1E49C845003E8962 /* CustomTableViewCellModel.m */ = {isa = PBXFileReference; fileEncoding = 4; lastKnownFileType = sourcecode.c.objc; path = CustomTableViewCellModel.m; sourceTree = "<group>"; };
		E702B17F1E4A1073003E8962 /* FBLineSpaceMaker.h */ = {isa = PBXFileReference; fileEncoding = 4; lastKnownFileType = sourcecode.c.h; path = FBLineSpaceMaker.h; sourceTree = "<group>"; };
		E702B1801E4A1073003E8962 /* FBLineSpaceMaker.m */ = {isa = PBXFileReference; fileEncoding = 4; lastKnownFileType = sourcecode.c.objc; path = FBLineSpaceMaker.m; sourceTree = "<group>"; };
		E702B1821E4C5187003E8962 /* ViewController1.h */ = {isa = PBXFileReference; fileEncoding = 4; lastKnownFileType = sourcecode.c.h; path = ViewController1.h; sourceTree = "<group>"; };
		E702B1831E4C5187003E8962 /* ViewController1.m */ = {isa = PBXFileReference; fileEncoding = 4; lastKnownFileType = sourcecode.c.objc; path = ViewController1.m; sourceTree = "<group>"; };
		E72187EF1D1AF0A000379333 /* FastBuildCell.app */ = {isa = PBXFileReference; explicitFileType = wrapper.application; includeInIndex = 0; path = FastBuildCell.app; sourceTree = BUILT_PRODUCTS_DIR; };
		E72187F31D1AF0A000379333 /* main.m */ = {isa = PBXFileReference; lastKnownFileType = sourcecode.c.objc; path = main.m; sourceTree = "<group>"; };
		E72187F51D1AF0A000379333 /* AppDelegate.h */ = {isa = PBXFileReference; lastKnownFileType = sourcecode.c.h; path = AppDelegate.h; sourceTree = "<group>"; };
		E72187F61D1AF0A000379333 /* AppDelegate.m */ = {isa = PBXFileReference; lastKnownFileType = sourcecode.c.objc; path = AppDelegate.m; sourceTree = "<group>"; };
		E72187F81D1AF0A000379333 /* ViewController.h */ = {isa = PBXFileReference; lastKnownFileType = sourcecode.c.h; path = ViewController.h; sourceTree = "<group>"; };
		E72187F91D1AF0A000379333 /* ViewController.m */ = {isa = PBXFileReference; lastKnownFileType = sourcecode.c.objc; path = ViewController.m; sourceTree = "<group>"; };
		E72187FC1D1AF0A000379333 /* Base */ = {isa = PBXFileReference; lastKnownFileType = file.storyboard; name = Base; path = Base.lproj/Main.storyboard; sourceTree = "<group>"; };
		E72187FE1D1AF0A000379333 /* Assets.xcassets */ = {isa = PBXFileReference; lastKnownFileType = folder.assetcatalog; path = Assets.xcassets; sourceTree = "<group>"; };
		E72188011D1AF0A000379333 /* Base */ = {isa = PBXFileReference; lastKnownFileType = file.storyboard; name = Base; path = Base.lproj/LaunchScreen.storyboard; sourceTree = "<group>"; };
		E72188031D1AF0A000379333 /* Info.plist */ = {isa = PBXFileReference; lastKnownFileType = text.plist.xml; path = Info.plist; sourceTree = "<group>"; };
		E721880C1D1AF14D00379333 /* UITableView+FastBuild.h */ = {isa = PBXFileReference; fileEncoding = 4; lastKnownFileType = sourcecode.c.h; path = "UITableView+FastBuild.h"; sourceTree = "<group>"; };
		E721880D1D1AF14D00379333 /* UITableView+FastBuild.m */ = {isa = PBXFileReference; fileEncoding = 4; lastKnownFileType = sourcecode.c.objc; path = "UITableView+FastBuild.m"; sourceTree = "<group>"; };
		E721880F1D1AF2BE00379333 /* UITableViewCell+FastBuild.h */ = {isa = PBXFileReference; fileEncoding = 4; lastKnownFileType = sourcecode.c.h; path = "UITableViewCell+FastBuild.h"; sourceTree = "<group>"; };
		E72188101D1AF2BE00379333 /* UITableViewCell+FastBuild.m */ = {isa = PBXFileReference; fileEncoding = 4; lastKnownFileType = sourcecode.c.objc; path = "UITableViewCell+FastBuild.m"; sourceTree = "<group>"; };
		E72188131D1AF3FC00379333 /* MASCompositeConstraint.h */ = {isa = PBXFileReference; fileEncoding = 4; lastKnownFileType = sourcecode.c.h; path = MASCompositeConstraint.h; sourceTree = "<group>"; };
		E72188141D1AF3FC00379333 /* MASCompositeConstraint.m */ = {isa = PBXFileReference; fileEncoding = 4; lastKnownFileType = sourcecode.c.objc; path = MASCompositeConstraint.m; sourceTree = "<group>"; };
		E72188151D1AF3FC00379333 /* MASConstraint+Private.h */ = {isa = PBXFileReference; fileEncoding = 4; lastKnownFileType = sourcecode.c.h; path = "MASConstraint+Private.h"; sourceTree = "<group>"; };
		E72188161D1AF3FC00379333 /* MASConstraint.h */ = {isa = PBXFileReference; fileEncoding = 4; lastKnownFileType = sourcecode.c.h; path = MASConstraint.h; sourceTree = "<group>"; };
		E72188171D1AF3FC00379333 /* MASConstraint.m */ = {isa = PBXFileReference; fileEncoding = 4; lastKnownFileType = sourcecode.c.objc; path = MASConstraint.m; sourceTree = "<group>"; };
		E72188181D1AF3FC00379333 /* MASConstraintMaker.h */ = {isa = PBXFileReference; fileEncoding = 4; lastKnownFileType = sourcecode.c.h; path = MASConstraintMaker.h; sourceTree = "<group>"; };
		E72188191D1AF3FC00379333 /* MASConstraintMaker.m */ = {isa = PBXFileReference; fileEncoding = 4; lastKnownFileType = sourcecode.c.objc; path = MASConstraintMaker.m; sourceTree = "<group>"; };
		E721881A1D1AF3FC00379333 /* MASLayoutConstraint.h */ = {isa = PBXFileReference; fileEncoding = 4; lastKnownFileType = sourcecode.c.h; path = MASLayoutConstraint.h; sourceTree = "<group>"; };
		E721881B1D1AF3FC00379333 /* MASLayoutConstraint.m */ = {isa = PBXFileReference; fileEncoding = 4; lastKnownFileType = sourcecode.c.objc; path = MASLayoutConstraint.m; sourceTree = "<group>"; };
		E721881C1D1AF3FC00379333 /* Masonry.h */ = {isa = PBXFileReference; fileEncoding = 4; lastKnownFileType = sourcecode.c.h; path = Masonry.h; sourceTree = "<group>"; };
		E721881D1D1AF3FC00379333 /* MASUtilities.h */ = {isa = PBXFileReference; fileEncoding = 4; lastKnownFileType = sourcecode.c.h; path = MASUtilities.h; sourceTree = "<group>"; };
		E721881E1D1AF3FC00379333 /* MASViewAttribute.h */ = {isa = PBXFileReference; fileEncoding = 4; lastKnownFileType = sourcecode.c.h; path = MASViewAttribute.h; sourceTree = "<group>"; };
		E721881F1D1AF3FC00379333 /* MASViewAttribute.m */ = {isa = PBXFileReference; fileEncoding = 4; lastKnownFileType = sourcecode.c.objc; path = MASViewAttribute.m; sourceTree = "<group>"; };
		E72188201D1AF3FC00379333 /* MASViewConstraint.h */ = {isa = PBXFileReference; fileEncoding = 4; lastKnownFileType = sourcecode.c.h; path = MASViewConstraint.h; sourceTree = "<group>"; };
		E72188211D1AF3FC00379333 /* MASViewConstraint.m */ = {isa = PBXFileReference; fileEncoding = 4; lastKnownFileType = sourcecode.c.objc; path = MASViewConstraint.m; sourceTree = "<group>"; };
		E72188221D1AF3FC00379333 /* NSArray+MASAdditions.h */ = {isa = PBXFileReference; fileEncoding = 4; lastKnownFileType = sourcecode.c.h; path = "NSArray+MASAdditions.h"; sourceTree = "<group>"; };
		E72188231D1AF3FC00379333 /* NSArray+MASAdditions.m */ = {isa = PBXFileReference; fileEncoding = 4; lastKnownFileType = sourcecode.c.objc; path = "NSArray+MASAdditions.m"; sourceTree = "<group>"; };
		E72188241D1AF3FC00379333 /* NSArray+MASShorthandAdditions.h */ = {isa = PBXFileReference; fileEncoding = 4; lastKnownFileType = sourcecode.c.h; path = "NSArray+MASShorthandAdditions.h"; sourceTree = "<group>"; };
		E72188251D1AF3FC00379333 /* NSLayoutConstraint+MASDebugAdditions.h */ = {isa = PBXFileReference; fileEncoding = 4; lastKnownFileType = sourcecode.c.h; path = "NSLayoutConstraint+MASDebugAdditions.h"; sourceTree = "<group>"; };
		E72188261D1AF3FC00379333 /* NSLayoutConstraint+MASDebugAdditions.m */ = {isa = PBXFileReference; fileEncoding = 4; lastKnownFileType = sourcecode.c.objc; path = "NSLayoutConstraint+MASDebugAdditions.m"; sourceTree = "<group>"; };
		E72188271D1AF3FC00379333 /* View+MASAdditions.h */ = {isa = PBXFileReference; fileEncoding = 4; lastKnownFileType = sourcecode.c.h; path = "View+MASAdditions.h"; sourceTree = "<group>"; };
		E72188281D1AF3FC00379333 /* View+MASAdditions.m */ = {isa = PBXFileReference; fileEncoding = 4; lastKnownFileType = sourcecode.c.objc; path = "View+MASAdditions.m"; sourceTree = "<group>"; };
		E72188291D1AF3FC00379333 /* View+MASShorthandAdditions.h */ = {isa = PBXFileReference; fileEncoding = 4; lastKnownFileType = sourcecode.c.h; path = "View+MASShorthandAdditions.h"; sourceTree = "<group>"; };
		E721882A1D1AF3FC00379333 /* ViewController+MASAdditions.h */ = {isa = PBXFileReference; fileEncoding = 4; lastKnownFileType = sourcecode.c.h; path = "ViewController+MASAdditions.h"; sourceTree = "<group>"; };
		E721882B1D1AF3FC00379333 /* ViewController+MASAdditions.m */ = {isa = PBXFileReference; fileEncoding = 4; lastKnownFileType = sourcecode.c.objc; path = "ViewController+MASAdditions.m"; sourceTree = "<group>"; };
		E72188361D1AF46700379333 /* UITableViewHeaderFooterView+FastBuild.h */ = {isa = PBXFileReference; fileEncoding = 4; lastKnownFileType = sourcecode.c.h; path = "UITableViewHeaderFooterView+FastBuild.h"; sourceTree = "<group>"; };
		E72188371D1AF46700379333 /* UITableViewHeaderFooterView+FastBuild.m */ = {isa = PBXFileReference; fileEncoding = 4; lastKnownFileType = sourcecode.c.objc; path = "UITableViewHeaderFooterView+FastBuild.m"; sourceTree = "<group>"; };
		E721883A1D1AF65700379333 /* NSObject+FastBuild.h */ = {isa = PBXFileReference; fileEncoding = 4; lastKnownFileType = sourcecode.c.h; path = "NSObject+FastBuild.h"; sourceTree = "<group>"; };
		E721883B1D1AF65700379333 /* NSObject+FastBuild.m */ = {isa = PBXFileReference; fileEncoding = 4; lastKnownFileType = sourcecode.c.objc; path = "NSObject+FastBuild.m"; sourceTree = "<group>"; };
		E721883D1D1AFAF100379333 /* CustomTableViewCell.h */ = {isa = PBXFileReference; fileEncoding = 4; lastKnownFileType = sourcecode.c.h; path = CustomTableViewCell.h; sourceTree = "<group>"; };
		E721883E1D1AFAF100379333 /* CustomTableViewCell.m */ = {isa = PBXFileReference; fileEncoding = 4; lastKnownFileType = sourcecode.c.objc; path = CustomTableViewCell.m; sourceTree = "<group>"; };
		E72188401D1AFC1B00379333 /* CellFastBuild.h */ = {isa = PBXFileReference; lastKnownFileType = sourcecode.c.h; path = CellFastBuild.h; sourceTree = "<group>"; };
/* End PBXFileReference section */

/* Begin PBXFrameworksBuildPhase section */
		E72187EC1D1AF0A000379333 /* Frameworks */ = {
			isa = PBXFrameworksBuildPhase;
			buildActionMask = 2147483647;
			files = (
			);
			runOnlyForDeploymentPostprocessing = 0;
		};
/* End PBXFrameworksBuildPhase section */

/* Begin PBXGroup section */
		E72187E61D1AF0A000379333 = {
			isa = PBXGroup;
			children = (
				E702B1791E49B438003E8962 /* UILabel+AddUtils.h */,
				E702B17A1E49B438003E8962 /* UILabel+AddUtils.m */,
				E72188121D1AF3FC00379333 /* Masonry */,
				E72188091D1AF0E700379333 /* FastBuildCategory */,
				E72187F11D1AF0A000379333 /* FastBuildCell */,
				E72187F01D1AF0A000379333 /* Products */,
			);
			sourceTree = "<group>";
		};
		E72187F01D1AF0A000379333 /* Products */ = {
			isa = PBXGroup;
			children = (
				E72187EF1D1AF0A000379333 /* FastBuildCell.app */,
			);
			name = Products;
			sourceTree = "<group>";
		};
		E72187F11D1AF0A000379333 /* FastBuildCell */ = {
			isa = PBXGroup;
			children = (
				E702B17C1E49C845003E8962 /* CustomTableViewCellModel.h */,
				E702B17D1E49C845003E8962 /* CustomTableViewCellModel.m */,
				E721883D1D1AFAF100379333 /* CustomTableViewCell.h */,
				E721883E1D1AFAF100379333 /* CustomTableViewCell.m */,
				E72187F51D1AF0A000379333 /* AppDelegate.h */,
				E72187F61D1AF0A000379333 /* AppDelegate.m */,
				E72187F81D1AF0A000379333 /* ViewController.h */,
				E72187F91D1AF0A000379333 /* ViewController.m */,
				E702B1821E4C5187003E8962 /* ViewController1.h */,
				E702B1831E4C5187003E8962 /* ViewController1.m */,
				E72187FB1D1AF0A000379333 /* Main.storyboard */,
				E72187FE1D1AF0A000379333 /* Assets.xcassets */,
				E72188001D1AF0A000379333 /* LaunchScreen.storyboard */,
				E72188031D1AF0A000379333 /* Info.plist */,
				E72187F21D1AF0A000379333 /* Supporting Files */,
			);
			path = FastBuildCell;
			sourceTree = "<group>";
		};
		E72187F21D1AF0A000379333 /* Supporting Files */ = {
			isa = PBXGroup;
			children = (
				E72187F31D1AF0A000379333 /* main.m */,
			);
			name = "Supporting Files";
			sourceTree = "<group>";
		};
		E72188091D1AF0E700379333 /* FastBuildCategory */ = {
			isa = PBXGroup;
			children = (
				E72188401D1AFC1B00379333 /* CellFastBuild.h */,
				E72188391D1AF64400379333 /* cellModel */,
				E721880B1D1AF11100379333 /* tableView */,
				E721880A1D1AF11100379333 /* collectionView */,
			);
			path = FastBuildCategory;
			sourceTree = "<group>";
		};
		E721880A1D1AF11100379333 /* collectionView */ = {
			isa = PBXGroup;
			children = (
			);
			path = collectionView;
			sourceTree = "<group>";
		};
		E721880B1D1AF11100379333 /* tableView */ = {
			isa = PBXGroup;
			children = (
				E721880C1D1AF14D00379333 /* UITableView+FastBuild.h */,
				E721880D1D1AF14D00379333 /* UITableView+FastBuild.m */,
				E721880F1D1AF2BE00379333 /* UITableViewCell+FastBuild.h */,
				E72188101D1AF2BE00379333 /* UITableViewCell+FastBuild.m */,
				E72188361D1AF46700379333 /* UITableViewHeaderFooterView+FastBuild.h */,
				E72188371D1AF46700379333 /* UITableViewHeaderFooterView+FastBuild.m */,
			);
			path = tableView;
			sourceTree = "<group>";
		};
		E72188121D1AF3FC00379333 /* Masonry */ = {
			isa = PBXGroup;
			children = (
				E72188131D1AF3FC00379333 /* MASCompositeConstraint.h */,
				E72188141D1AF3FC00379333 /* MASCompositeConstraint.m */,
				E72188151D1AF3FC00379333 /* MASConstraint+Private.h */,
				E72188161D1AF3FC00379333 /* MASConstraint.h */,
				E72188171D1AF3FC00379333 /* MASConstraint.m */,
				E72188181D1AF3FC00379333 /* MASConstraintMaker.h */,
				E72188191D1AF3FC00379333 /* MASConstraintMaker.m */,
				E721881A1D1AF3FC00379333 /* MASLayoutConstraint.h */,
				E721881B1D1AF3FC00379333 /* MASLayoutConstraint.m */,
				E721881C1D1AF3FC00379333 /* Masonry.h */,
				E721881D1D1AF3FC00379333 /* MASUtilities.h */,
				E721881E1D1AF3FC00379333 /* MASViewAttribute.h */,
				E721881F1D1AF3FC00379333 /* MASViewAttribute.m */,
				E72188201D1AF3FC00379333 /* MASViewConstraint.h */,
				E72188211D1AF3FC00379333 /* MASViewConstraint.m */,
				E72188221D1AF3FC00379333 /* NSArray+MASAdditions.h */,
				E72188231D1AF3FC00379333 /* NSArray+MASAdditions.m */,
				E72188241D1AF3FC00379333 /* NSArray+MASShorthandAdditions.h */,
				E72188251D1AF3FC00379333 /* NSLayoutConstraint+MASDebugAdditions.h */,
				E72188261D1AF3FC00379333 /* NSLayoutConstraint+MASDebugAdditions.m */,
				E72188271D1AF3FC00379333 /* View+MASAdditions.h */,
				E72188281D1AF3FC00379333 /* View+MASAdditions.m */,
				E72188291D1AF3FC00379333 /* View+MASShorthandAdditions.h */,
				E721882A1D1AF3FC00379333 /* ViewController+MASAdditions.h */,
				E721882B1D1AF3FC00379333 /* ViewController+MASAdditions.m */,
			);
			path = Masonry;
			sourceTree = "<group>";
		};
		E72188391D1AF64400379333 /* cellModel */ = {
			isa = PBXGroup;
			children = (
				E721883A1D1AF65700379333 /* NSObject+FastBuild.h */,
				E721883B1D1AF65700379333 /* NSObject+FastBuild.m */,
				E702B17F1E4A1073003E8962 /* FBLineSpaceMaker.h */,
				E702B1801E4A1073003E8962 /* FBLineSpaceMaker.m */,
			);
			path = cellModel;
			sourceTree = "<group>";
		};
/* End PBXGroup section */

/* Begin PBXNativeTarget section */
		E72187EE1D1AF0A000379333 /* FastBuildCell */ = {
			isa = PBXNativeTarget;
			buildConfigurationList = E72188061D1AF0A000379333 /* Build configuration list for PBXNativeTarget "FastBuildCell" */;
			buildPhases = (
				E72187EB1D1AF0A000379333 /* Sources */,
				E72187EC1D1AF0A000379333 /* Frameworks */,
				E72187ED1D1AF0A000379333 /* Resources */,
			);
			buildRules = (
			);
			dependencies = (
			);
			name = FastBuildCell;
			productName = FastBuildCell;
			productReference = E72187EF1D1AF0A000379333 /* FastBuildCell.app */;
			productType = "com.apple.product-type.application";
		};
/* End PBXNativeTarget section */

/* Begin PBXProject section */
		E72187E71D1AF0A000379333 /* Project object */ = {
			isa = PBXProject;
			attributes = {
				LastUpgradeCheck = 0730;
				ORGANIZATIONNAME = bjhl;
				TargetAttributes = {
					E72187EE1D1AF0A000379333 = {
						CreatedOnToolsVersion = 7.3.1;
						DevelopmentTeam = 4367865XZN;
						ProvisioningStyle = Manual;
					};
				};
			};
			buildConfigurationList = E72187EA1D1AF0A000379333 /* Build configuration list for PBXProject "FastBuildCell" */;
			compatibilityVersion = "Xcode 3.2";
			developmentRegion = English;
			hasScannedForEncodings = 0;
			knownRegions = (
				en,
				Base,
			);
			mainGroup = E72187E61D1AF0A000379333;
			productRefGroup = E72187F01D1AF0A000379333 /* Products */;
			projectDirPath = "";
			projectRoot = "";
			targets = (
				E72187EE1D1AF0A000379333 /* FastBuildCell */,
			);
		};
/* End PBXProject section */

/* Begin PBXResourcesBuildPhase section */
		E72187ED1D1AF0A000379333 /* Resources */ = {
			isa = PBXResourcesBuildPhase;
			buildActionMask = 2147483647;
			files = (
				E72188021D1AF0A000379333 /* LaunchScreen.storyboard in Resources */,
				E72187FF1D1AF0A000379333 /* Assets.xcassets in Resources */,
				E72187FD1D1AF0A000379333 /* Main.storyboard in Resources */,
			);
			runOnlyForDeploymentPostprocessing = 0;
		};
/* End PBXResourcesBuildPhase section */

/* Begin PBXSourcesBuildPhase section */
		E72187EB1D1AF0A000379333 /* Sources */ = {
			isa = PBXSourcesBuildPhase;
			buildActionMask = 2147483647;
			files = (
				E702B17E1E49C845003E8962 /* CustomTableViewCellModel.m in Sources */,
				E72188331D1AF3FC00379333 /* NSLayoutConstraint+MASDebugAdditions.m in Sources */,
				E721880E1D1AF14D00379333 /* UITableView+FastBuild.m in Sources */,
				E702B17B1E49B438003E8962 /* UILabel+AddUtils.m in Sources */,
				E72188311D1AF3FC00379333 /* MASViewConstraint.m in Sources */,
				E721883C1D1AF65700379333 /* NSObject+FastBuild.m in Sources */,
				E702B1811E4A1073003E8962 /* FBLineSpaceMaker.m in Sources */,
				E72188111D1AF2BE00379333 /* UITableViewCell+FastBuild.m in Sources */,
				E72187FA1D1AF0A000379333 /* ViewController.m in Sources */,
				E72187F71D1AF0A000379333 /* AppDelegate.m in Sources */,
				E72188341D1AF3FC00379333 /* View+MASAdditions.m in Sources */,
				E721882C1D1AF3FC00379333 /* MASCompositeConstraint.m in Sources */,
				E72188301D1AF3FC00379333 /* MASViewAttribute.m in Sources */,
				E721882E1D1AF3FC00379333 /* MASConstraintMaker.m in Sources */,
				E72188321D1AF3FC00379333 /* NSArray+MASAdditions.m in Sources */,
				E72188351D1AF3FC00379333 /* ViewController+MASAdditions.m in Sources */,
				E721882D1D1AF3FC00379333 /* MASConstraint.m in Sources */,
				E721883F1D1AFAF100379333 /* CustomTableViewCell.m in Sources */,
				E702B1841E4C5187003E8962 /* ViewController1.m in Sources */,
				E721882F1D1AF3FC00379333 /* MASLayoutConstraint.m in Sources */,
				E72187F41D1AF0A000379333 /* main.m in Sources */,
				E72188381D1AF46700379333 /* UITableViewHeaderFooterView+FastBuild.m in Sources */,
			);
			runOnlyForDeploymentPostprocessing = 0;
		};
/* End PBXSourcesBuildPhase section */

/* Begin PBXVariantGroup section */
		E72187FB1D1AF0A000379333 /* Main.storyboard */ = {
			isa = PBXVariantGroup;
			children = (
				E72187FC1D1AF0A000379333 /* Base */,
			);
			name = Main.storyboard;
			sourceTree = "<group>";
		};
		E72188001D1AF0A000379333 /* LaunchScreen.storyboard */ = {
			isa = PBXVariantGroup;
			children = (
				E72188011D1AF0A000379333 /* Base */,
			);
			name = LaunchScreen.storyboard;
			sourceTree = "<group>";
		};
/* End PBXVariantGroup section */

/* Begin XCBuildConfiguration section */
		E72188041D1AF0A000379333 /* Debug */ = {
			isa = XCBuildConfiguration;
			buildSettings = {
				ALWAYS_SEARCH_USER_PATHS = NO;
				CLANG_ANALYZER_NONNULL = YES;
				CLANG_CXX_LANGUAGE_STANDARD = "gnu++0x";
				CLANG_CXX_LIBRARY = "libc++";
				CLANG_ENABLE_MODULES = YES;
				CLANG_ENABLE_OBJC_ARC = YES;
				CLANG_WARN_BOOL_CONVERSION = YES;
				CLANG_WARN_CONSTANT_CONVERSION = YES;
				CLANG_WARN_DIRECT_OBJC_ISA_USAGE = YES_ERROR;
				CLANG_WARN_EMPTY_BODY = YES;
				CLANG_WARN_ENUM_CONVERSION = YES;
				CLANG_WARN_INT_CONVERSION = YES;
				CLANG_WARN_OBJC_ROOT_CLASS = YES_ERROR;
				CLANG_WARN_UNREACHABLE_CODE = YES;
				CLANG_WARN__DUPLICATE_METHOD_MATCH = YES;
				"CODE_SIGN_IDENTITY[sdk=iphoneos*]" = "iPhone Developer";
				COPY_PHASE_STRIP = NO;
				DEBUG_INFORMATION_FORMAT = dwarf;
				ENABLE_STRICT_OBJC_MSGSEND = YES;
				ENABLE_TESTABILITY = YES;
				GCC_C_LANGUAGE_STANDARD = gnu99;
				GCC_DYNAMIC_NO_PIC = NO;
				GCC_NO_COMMON_BLOCKS = YES;
				GCC_OPTIMIZATION_LEVEL = 0;
				GCC_PREPROCESSOR_DEFINITIONS = (
					"DEBUG=1",
					"$(inherited)",
				);
				GCC_WARN_64_TO_32_BIT_CONVERSION = YES;
				GCC_WARN_ABOUT_RETURN_TYPE = YES_ERROR;
				GCC_WARN_UNDECLARED_SELECTOR = YES;
				GCC_WARN_UNINITIALIZED_AUTOS = YES_AGGRESSIVE;
				GCC_WARN_UNUSED_FUNCTION = YES;
				GCC_WARN_UNUSED_VARIABLE = YES;
				IPHONEOS_DEPLOYMENT_TARGET = 9.3;
				MTL_ENABLE_DEBUG_INFO = YES;
				ONLY_ACTIVE_ARCH = YES;
				SDKROOT = iphoneos;
			};
			name = Debug;
		};
		E72188051D1AF0A000379333 /* Release */ = {
			isa = XCBuildConfiguration;
			buildSettings = {
				ALWAYS_SEARCH_USER_PATHS = NO;
				CLANG_ANALYZER_NONNULL = YES;
				CLANG_CXX_LANGUAGE_STANDARD = "gnu++0x";
				CLANG_CXX_LIBRARY = "libc++";
				CLANG_ENABLE_MODULES = YES;
				CLANG_ENABLE_OBJC_ARC = YES;
				CLANG_WARN_BOOL_CONVERSION = YES;
				CLANG_WARN_CONSTANT_CONVERSION = YES;
				CLANG_WARN_DIRECT_OBJC_ISA_USAGE = YES_ERROR;
				CLANG_WARN_EMPTY_BODY = YES;
				CLANG_WARN_ENUM_CONVERSION = YES;
				CLANG_WARN_INT_CONVERSION = YES;
				CLANG_WARN_OBJC_ROOT_CLASS = YES_ERROR;
				CLANG_WARN_UNREACHABLE_CODE = YES;
				CLANG_WARN__DUPLICATE_METHOD_MATCH = YES;
				"CODE_SIGN_IDENTITY[sdk=iphoneos*]" = "iPhone Developer";
				COPY_PHASE_STRIP = NO;
				DEBUG_INFORMATION_FORMAT = "dwarf-with-dsym";
				ENABLE_NS_ASSERTIONS = NO;
				ENABLE_STRICT_OBJC_MSGSEND = YES;
				GCC_C_LANGUAGE_STANDARD = gnu99;
				GCC_NO_COMMON_BLOCKS = YES;
				GCC_WARN_64_TO_32_BIT_CONVERSION = YES;
				GCC_WARN_ABOUT_RETURN_TYPE = YES_ERROR;
				GCC_WARN_UNDECLARED_SELECTOR = YES;
				GCC_WARN_UNINITIALIZED_AUTOS = YES_AGGRESSIVE;
				GCC_WARN_UNUSED_FUNCTION = YES;
				GCC_WARN_UNUSED_VARIABLE = YES;
				IPHONEOS_DEPLOYMENT_TARGET = 9.3;
				MTL_ENABLE_DEBUG_INFO = NO;
				SDKROOT = iphoneos;
				VALIDATE_PRODUCT = YES;
			};
			name = Release;
		};
		E72188071D1AF0A000379333 /* Debug */ = {
			isa = XCBuildConfiguration;
			buildSettings = {
				ASSETCATALOG_COMPILER_APPICON_NAME = AppIcon;
				DEVELOPMENT_TEAM = 4367865XZN;
				INFOPLIST_FILE = FastBuildCell/Info.plist;
				IPHONEOS_DEPLOYMENT_TARGET = 7.0;
				LD_RUNPATH_SEARCH_PATHS = "$(inherited) @executable_path/Frameworks";
				PRODUCT_BUNDLE_IDENTIFIER = com.bjhl.FastBuildCell;
				PRODUCT_NAME = "$(TARGET_NAME)";
				PROVISIONING_PROFILE = "ab6f7cf3-d32c-4096-b4fa-3322377d24e2";
				PROVISIONING_PROFILE_SPECIFIER = "common-dev";
			};
			name = Debug;
		};
		E72188081D1AF0A000379333 /* Release */ = {
			isa = XCBuildConfiguration;
			buildSettings = {
				ASSETCATALOG_COMPILER_APPICON_NAME = AppIcon;
				DEVELOPMENT_TEAM = "";
				INFOPLIST_FILE = FastBuildCell/Info.plist;
				IPHONEOS_DEPLOYMENT_TARGET = 7.0;
				LD_RUNPATH_SEARCH_PATHS = "$(inherited) @executable_path/Frameworks";
				PRODUCT_BUNDLE_IDENTIFIER = com.bjhl.FastBuildCell;
				PRODUCT_NAME = "$(TARGET_NAME)";
			};
			name = Release;
		};
/* End XCBuildConfiguration section */

/* Begin XCConfigurationList section */
		E72187EA1D1AF0A000379333 /* Build configuration list for PBXProject "FastBuildCell" */ = {
			isa = XCConfigurationList;
			buildConfigurations = (
				E72188041D1AF0A000379333 /* Debug */,
				E72188051D1AF0A000379333 /* Release */,
			);
			defaultConfigurationIsVisible = 0;
			defaultConfigurationName = Release;
		};
		E72188061D1AF0A000379333 /* Build configuration list for PBXNativeTarget "FastBuildCell" */ = {
			isa = XCConfigurationList;
			buildConfigurations = (
				E72188071D1AF0A000379333 /* Debug */,
				E72188081D1AF0A000379333 /* Release */,
			);
			defaultConfigurationIsVisible = 0;
			defaultConfigurationName = Release;
		};
/* End XCConfigurationList section */
	};
	rootObject = E72187E71D1AF0A000379333 /* Project object */;
}
